{
  "name": "reative-gekko-strategy",
  "version": "0.0.1",
  "lockfileVersion": 3,
  "requires": true,
  "packages": {
    "": {
      "version": "0.0.1",
      "license": "MIT",
      "dependencies": {
        "toml": "^4.2.0"
      }
    },
    "node_modules/toml": {
      "version": "4.2.0",
      "resolved": "https://registry.npmjs.org/toml/-/toml-4.2.0.tgz",
      "integrity": "sha512-TvAJjbHZlYmI323+srtqHQFyJsoWy6mI09ppkuj9+iRsqsVKG9fvTcOP7FHF2UCb0QSYtjEavffrKzdd0XgClg==",
      "license": "MIT",
      "engines": {
        "node": ">=20"
      }
    }
  }
}
